Microsoft Visual Studio Solution File, Format Version 12.00
# Visual Studio Version 17
VisualStudioVersion = 17.5.2.0
MinimumVisualStudioVersion = 10.0.40219.1
Project("{FAE04EC0-301F-11D3-BF4B-00C04F79EFBC}") = "2048", "2048\2048.csproj", "{D22CC66C-7C34-5826-7B2B-D0A2AE954700}"
EndProject
Project("{FAE04EC0-301F-11D3-BF4B-00C04F79EFBC}") = "Battleship", "Battleship\Battleship.csproj", "{5B6B7E1D-FAE5-2297-5EB7-FF1076A9F3AB}"
EndProject
Project("{FAE04EC0-301F-11D3-BF4B-00C04F79EFBC}") = "Beep Pad", "Beep Pad\Beep Pad.csproj", "{7D85D18F-DB63-BBBD-F2E3-C433DA03FD2E}"
EndProject
Project("{FAE04EC0-301F-11D3-BF4B-00C04F79EFBC}") = "Blackjack", "Blackjack\Blackjack.csproj", "{393FE6D6-873C-53C6-6EC5-219F0EB88D60}"
EndProject
Project("{FAE04EC0-301F-11D3-BF4B-00C04F79EFBC}") = "Bound", "Bound\Bound.csproj", "{948FCD61-9DA3-3B78-919F-B06C94BAEB14}"
EndProject
Project("{FAE04EC0-301F-11D3-BF4B-00C04F79EFBC}") = "Checkers", "Checkers\Checkers.csproj", "{BF12D983-00D2-5FE2-8100-F16E880CB053}"
EndProject
Project("{FAE04EC0-301F-11D3-BF4B-00C04F79EFBC}") = "Clicker", "Clicker\Clicker.csproj", "{01A2C93B-EFBC-E90A-AE49-3968883CFAD9}"
EndProject
Project("{FAE04EC0-301F-11D3-BF4B-00C04F79EFBC}") = "Connect 4", "Connect 4\Connect 4.csproj", "{68EC3482-2B1A-3BC7-305D-7D94ADE988E4}"
EndProject
Project("{FAE04EC0-301F-11D3-BF4B-00C04F79EFBC}") = "Console Monsters", "Console Monsters\Console Monsters.csproj", "{99FB287C-6E47-D0FA-A386-DDB6D3A5A0DA}"
EndProject
Project("{FAE04EC0-301F-11D3-BF4B-00C04F79EFBC}") = "Darts", "Darts\Darts.csproj", "{3AA247C9-D0E4-5878-3DD0-458A3E9536ED}"
EndProject
Project("{FAE04EC0-301F-11D3-BF4B-00C04F79EFBC}") = "Dice Game", "Dice Game\Dice Game.csproj", "{F53A04EA-B256-052A-AEFF-C6999809448B}"
EndProject
Project("{FAE04EC0-301F-11D3-BF4B-00C04F79EFBC}") = "Draw", "Draw\Draw.csproj", "{8324415B-CCA9-51F2-D229-E14D6F8B9BB8}"
EndProject
Project("{FAE04EC0-301F-11D3-BF4B-00C04F79EFBC}") = "Drive", "Drive\Drive.csproj", "{6E9E245C-2A0F-95C2-2EDF-E9EEDB5FCA11}"
EndProject
Project("{FAE04EC0-301F-11D3-BF4B-00C04F79EFBC}") = "Duck Hunt", "Duck Hunt\Duck Hunt.csproj", "{B1053DB0-8F4F-B282-E9D7-B5E45B638551}"
EndProject
Project("{FAE04EC0-301F-11D3-BF4B-00C04F79EFBC}") = "Fighter", "Fighter\Fighter.csproj", "{D34002F7-F244-F52E-2B8D-E568AA568498}"
EndProject
Project("{FAE04EC0-301F-11D3-BF4B-00C04F79EFBC}") = "First Person Shooter", "First Person Shooter\First Person Shooter.csproj", "{BB4C5632-5A76-CAAB-105E-53C4F19DF71D}"
EndProject
Project("{FAE04EC0-301F-11D3-BF4B-00C04F79EFBC}") = "Flappy Bird", "Flappy Bird\Flappy Bird.csproj", "{6B6EEB08-3450-7733-7A97-388365633093}"
EndProject
Project("{FAE04EC0-301F-11D3-BF4B-00C04F79EFBC}") = "Flash Cards", "Flash Cards\Flash Cards.csproj", "{1CD92C0C-99C4-0870-2D61-643435F29FA6}"
EndProject
Project("{FAE04EC0-301F-11D3-BF4B-00C04F79EFBC}") = "Gravity", "Gravity\Gravity.csproj", "{75DE5332-0E36-7C27-B49A-33A373B22CC1}"
EndProject
Project("{FAE04EC0-301F-11D3-BF4B-00C04F79EFBC}") = "Guess A Number", "Guess A Number\Guess A Number.csproj", "{A324265D-0715-69F0-4B87-ED75EDF1F041}"
EndProject
Project("{FAE04EC0-301F-11D3-BF4B-00C04F79EFBC}") = "Hangman", "Hangman\Hangman.csproj", "{8A1380B6-E5A0-BA6F-3976-3282D94C478A}"
EndProject
Project("{FAE04EC0-301F-11D3-BF4B-00C04F79EFBC}") = "Helicopter", "Helicopter\Helicopter.csproj", "{5FE797A3-B60F-5820-8C00-E08251CDD819}"
EndProject
Project("{FAE04EC0-301F-11D3-BF4B-00C04F79EFBC}") = "Hurdles", "Hurdles\Hurdles.csproj", "{2EB1B382-1593-91BB-8C93-353A9E5C1671}"
EndProject
Project("{FAE04EC0-301F-11D3-BF4B-00C04F79EFBC}") = "Lights Out", "Lights Out\Lights Out.csproj", "{69B300B8-0F20-0D08-1BEF-925EB823DF2C}"
EndProject
Project("{FAE04EC0-301F-11D3-BF4B-00C04F79EFBC}") = "Mancala", "Mancala\Mancala.csproj", "{A7F5751B-7EDE-12DF-9646-46B2D47B2EEC}"
EndProject
Project("{FAE04EC0-301F-11D3-BF4B-00C04F79EFBC}") = "Maze", "Maze\Maze.csproj", "{75EE1F3C-66D1-F057-FCFC-95973997D920}"
EndProject
Project("{FAE04EC0-301F-11D3-BF4B-00C04F79EFBC}") = "Memory", "Memory\Memory.csproj", "{4DA76712-FDE6-318E-A9E0-EF63518B8FEE}"
EndProject
Project("{FAE04EC0-301F-11D3-BF4B-00C04F79EFBC}") = "Minesweeper", "Minesweeper\Minesweeper.csproj", "{836717A0-6040-9025-127E-EAB68F727B8A}"
EndProject
Project("{FAE04EC0-301F-11D3-BF4B-00C04F79EFBC}") = "Oligopoly", "Oligopoly\Oligopoly.csproj", "{3557C683-C5A7-BB71-F8AB-E07408D13ACB}"
EndProject
Project("{FAE04EC0-301F-11D3-BF4B-00C04F79EFBC}") = "PacMan", "PacMan\PacMan.csproj", "{14B031AD-8BED-A633-7FD8-77E4F504F802}"
EndProject
Project("{FAE04EC0-301F-11D3-BF4B-00C04F79EFBC}") = "Pong", "Pong\Pong.csproj", "{8A2F0566-9B39-37D1-0CDB-75FBF36D6B9C}"
EndProject
Project("{FAE04EC0-301F-11D3-BF4B-00C04F79EFBC}") = "Quick Draw", "Quick Draw\Quick Draw.csproj", "{451D459D-3300-E65C-893A-C7A51F63AC80}"
EndProject
Project("{FAE04EC0-301F-11D3-BF4B-00C04F79EFBC}") = "Reversi", "Reversi\Reversi.csproj", "{DAB12297-CFA2-55E7-2302-41A19B7524C1}"
EndProject
Project("{FAE04EC0-301F-11D3-BF4B-00C04F79EFBC}") = "Rock Paper Scissors", "Rock Paper Scissors\Rock Paper Scissors.csproj", "{14174442-9650-A1AD-7280-225E2A3BB38D}"
EndProject
Project("{FAE04EC0-301F-11D3-BF4B-00C04F79EFBC}") = "Role Playing Game", "Role Playing Game\Role Playing Game.csproj", "{769F5165-E491-C3CE-E91D-046C641428AA}"
EndProject
Project("{FAE04EC0-301F-11D3-BF4B-00C04F79EFBC}") = "Roll And Move", "Roll And Move\Roll And Move.csproj", "{B63C2A83-76C3-E2F9-EF05-52A74EEC0DE5}"
EndProject
Project("{FAE04EC0-301F-11D3-BF4B-00C04F79EFBC}") = "Rythm", "Rythm\Rythm.csproj", "{2D0F0D20-CA53-F9F3-34DC-90706A4B2383}"
EndProject
Project("{FAE04EC0-301F-11D3-BF4B-00C04F79EFBC}") = "Shmup", "Shmup\Shmup.csproj", "{91C588CB-60A9-D480-60D6-D4B3462F377F}"
EndProject
Project("{FAE04EC0-301F-11D3-BF4B-00C04F79EFBC}") = "Simon", "Simon\Simon.csproj", "{768E39E5-BD82-9578-A24C-BC509EF09928}"
EndProject
Project("{FAE04EC0-301F-11D3-BF4B-00C04F79EFBC}") = "Sliding Puzzle", "Sliding Puzzle\Sliding Puzzle.csproj", "{23F5153E-3AD5-3677-F8E9-4552EF6D5176}"
EndProject
Project("{FAE04EC0-301F-11D3-BF4B-00C04F79EFBC}") = "Snake", "Snake\Snake.csproj", "{0DE39463-FE77-7273-FD5C-3231E64F4F10}"
EndProject
Project("{FAE04EC0-301F-11D3-BF4B-00C04F79EFBC}") = "Sudoku", "Sudoku\Sudoku.csproj", "{2C31DF37-4589-02FD-815C-3BB8C8FD8646}"
EndProject
Project("{FAE04EC0-301F-11D3-BF4B-00C04F79EFBC}") = "Tanks", "Tanks\Tanks.csproj", "{3386537A-CB4E-4E63-CA93-89CCA7D8B34F}"
EndProject
Project("{FAE04EC0-301F-11D3-BF4B-00C04F79EFBC}") = "Tents", "Tents\Tents.csproj", "{490E320E-4E13-94D1-98A5-1CFB8E7EEBAA}"
EndProject
Project("{FAE04EC0-301F-11D3-BF4B-00C04F79EFBC}") = "Tetris", "Tetris\Tetris.csproj", "{BCF0A4A6-0A05-5A52-AFC3-0B61AB109CB4}"
EndProject
Project("{FAE04EC0-301F-11D3-BF4B-00C04F79EFBC}") = "Tic Tac Toe", "Tic Tac Toe\Tic Tac Toe.csproj", "{77135132-B0F9-55EC-9202-53D46FA60BE5}"
EndProject
Project("{FAE04EC0-301F-11D3-BF4B-00C04F79EFBC}") = "Tower Of Hanoi", "Tower Of Hanoi\Tower Of Hanoi.csproj", "{94303771-41D9-C592-1BB3-7AC7D157E8C7}"
EndProject
Project("{FAE04EC0-301F-11D3-BF4B-00C04F79EFBC}") = "Tug Of War", "Tug Of War\Tug Of War.csproj", "{DAD7A4D9-3A3E-9D96-DC21-34C802710CDD}"
EndProject
Project("{FAE04EC0-301F-11D3-BF4B-00C04F79EFBC}") = "Type", "Type\Type.csproj", "{20D0F171-DA27-77B6-2172-A6BA6F6D5681}"
EndProject
Project("{FAE04EC0-301F-11D3-BF4B-00C04F79EFBC}") = "Website", "Website\Website.csproj", "{C9653371-59B7-887E-EFF1-6C2C04BD8628}"
EndProject
Project("{FAE04EC0-301F-11D3-BF4B-00C04F79EFBC}") = "Whack A Mole", "Whack A Mole\Whack A Mole.csproj", "{C0B0E5A6-01DF-6FAF-BDD7-A0F835BCF26F}"
EndProject
Project("{FAE04EC0-301F-11D3-BF4B-00C04F79EFBC}") = "Word Search", "Word Search\Word Search.csproj", "{90B51658-48C0-E480-D0DA-F56EF60024DC}"
EndProject
Project("{FAE04EC0-301F-11D3-BF4B-00C04F79EFBC}") = "Wordle", "Wordle\Wordle.csproj", "{F6D5059C-C917-7D55-97E6-21FA8AFECA36}"
EndProject
Project("{FAE04EC0-301F-11D3-BF4B-00C04F79EFBC}") = "Wumpus World", "Wumpus World\Wumpus World.csproj", "{B1BE99B0-C5AA-3FAB-8EF3-EC8BFE805CD1}"
EndProject
Project("{FAE04EC0-301F-11D3-BF4B-00C04F79EFBC}") = "Yahtzee", "Yahtzee\Yahtzee.csproj", "{867D192C-4544-EA1A-703E-40C11FEA7BE1}"
EndProject
Project("{2150E333-8FDC-42A3-9474-1A3956D46DE8}") = "War", "War", "{E989C032-917F-5728-7FAB-EFBCB8E774E1}"
EndProject
Project("{FAE04EC0-301F-11D3-BF4B-00C04F79EFBC}") = "War", "War\War\War.csproj", "{4C7AA993-A633-5301-D1B0-07F12517DF02}"
EndProject
Global
	GlobalSection(SolutionConfigurationPlatforms) = preSolution
		Debug|Any CPU = Debug|Any CPU
		Release|Any CPU = Release|Any CPU
	EndGlobalSection
	GlobalSection(ProjectConfigurationPlatforms) = postSolution
		{D22CC66C-7C34-5826-7B2B-D0A2AE954700}.Debug|Any CPU.ActiveCfg = Debug|Any CPU
		{D22CC66C-7C34-5826-7B2B-D0A2AE954700}.Debug|Any CPU.Build.0 = Debug|Any CPU
		{D22CC66C-7C34-5826-7B2B-D0A2AE954700}.Release|Any CPU.ActiveCfg = Release|Any CPU
		{D22CC66C-7C34-5826-7B2B-D0A2AE954700}.Release|Any CPU.Build.0 = Release|Any CPU
		{5B6B7E1D-FAE5-2297-5EB7-FF1076A9F3AB}.Debug|Any CPU.ActiveCfg = Debug|Any CPU
		{5B6B7E1D-FAE5-2297-5EB7-FF1076A9F3AB}.Debug|Any CPU.Build.0 = Debug|Any CPU
		{5B6B7E1D-FAE5-2297-5EB7-FF1076A9F3AB}.Release|Any CPU.ActiveCfg = Release|Any CPU
		{5B6B7E1D-FAE5-2297-5EB7-FF1076A9F3AB}.Release|Any CPU.Build.0 = Release|Any CPU
		{7D85D18F-DB63-BBBD-F2E3-C433DA03FD2E}.Debug|Any CPU.ActiveCfg = Debug|Any CPU
		{7D85D18F-DB63-BBBD-F2E3-C433DA03FD2E}.Debug|Any CPU.Build.0 = Debug|Any CPU
		{7D85D18F-DB63-BBBD-F2E3-C433DA03FD2E}.Release|Any CPU.ActiveCfg = Release|Any CPU
		{7D85D18F-DB63-BBBD-F2E3-C433DA03FD2E}.Release|Any CPU.Build.0 = Release|Any CPU
		{393FE6D6-873C-53C6-6EC5-219F0EB88D60}.Debug|Any CPU.ActiveCfg = Debug|Any CPU
		{393FE6D6-873C-53C6-6EC5-219F0EB88D60}.Debug|Any CPU.Build.0 = Debug|Any CPU
		{393FE6D6-873C-53C6-6EC5-219F0EB88D60}.Release|Any CPU.ActiveCfg = Release|Any CPU
		{393FE6D6-873C-53C6-6EC5-219F0EB88D60}.Release|Any CPU.Build.0 = Release|Any CPU
		{948FCD61-9DA3-3B78-919F-B06C94BAEB14}.Debug|Any CPU.ActiveCfg = Debug|Any CPU
		{948FCD61-9DA3-3B78-919F-B06C94BAEB14}.Debug|Any CPU.Build.0 = Debug|Any CPU
		{948FCD61-9DA3-3B78-919F-B06C94BAEB14}.Release|Any CPU.ActiveCfg = Release|Any CPU
		{948FCD61-9DA3-3B78-919F-B06C94BAEB14}.Release|Any CPU.Build.0 = Release|Any CPU
		{BF12D983-00D2-5FE2-8100-F16E880CB053}.Debug|Any CPU.ActiveCfg = Debug|Any CPU
		{BF12D983-00D2-5FE2-8100-F16E880CB053}.Debug|Any CPU.Build.0 = Debug|Any CPU
		{BF12D983-00D2-5FE2-8100-F16E880CB053}.Release|Any CPU.ActiveCfg = Release|Any CPU
		{BF12D983-00D2-5FE2-8100-F16E880CB053}.Release|Any CPU.Build.0 = Release|Any CPU
		{01A2C93B-EFBC-E90A-AE49-3968883CFAD9}.Debug|Any CPU.ActiveCfg = Debug|Any CPU
		{01A2C93B-EFBC-E90A-AE49-3968883CFAD9}.Debug|Any CPU.Build.0 = Debug|Any CPU
		{01A2C93B-EFBC-E90A-AE49-3968883CFAD9}.Release|Any CPU.ActiveCfg = Release|Any CPU
		{01A2C93B-EFBC-E90A-AE49-3968883CFAD9}.Release|Any CPU.Build.0 = Release|Any CPU
		{68EC3482-2B1A-3BC7-305D-7D94ADE988E4}.Debug|Any CPU.ActiveCfg = Debug|Any CPU
		{68EC3482-2B1A-3BC7-305D-7D94ADE988E4}.Debug|Any CPU.Build.0 = Debug|Any CPU
		{68EC3482-2B1A-3BC7-305D-7D94ADE988E4}.Release|Any CPU.ActiveCfg = Release|Any CPU
		{68EC3482-2B1A-3BC7-305D-7D94ADE988E4}.Release|Any CPU.Build.0 = Release|Any CPU
		{99FB287C-6E47-D0FA-A386-DDB6D3A5A0DA}.Debug|Any CPU.ActiveCfg = Debug|Any CPU
		{99FB287C-6E47-D0FA-A386-DDB6D3A5A0DA}.Debug|Any CPU.Build.0 = Debug|Any CPU
		{99FB287C-6E47-D0FA-A386-DDB6D3A5A0DA}.Release|Any CPU.ActiveCfg = Release|Any CPU
		{99FB287C-6E47-D0FA-A386-DDB6D3A5A0DA}.Release|Any CPU.Build.0 = Release|Any CPU
		{3AA247C9-D0E4-5878-3DD0-458A3E9536ED}.Debug|Any CPU.ActiveCfg = Debug|Any CPU
		{3AA247C9-D0E4-5878-3DD0-458A3E9536ED}.Debug|Any CPU.Build.0 = Debug|Any CPU
		{3AA247C9-D0E4-5878-3DD0-458A3E9536ED}.Release|Any CPU.ActiveCfg = Release|Any CPU
		{3AA247C9-D0E4-5878-3DD0-458A3E9536ED}.Release|Any CPU.Build.0 = Release|Any CPU
		{F53A04EA-B256-052A-AEFF-C6999809448B}.Debug|Any CPU.ActiveCfg = Debug|Any CPU
		{F53A04EA-B256-052A-AEFF-C6999809448B}.Debug|Any CPU.Build.0 = Debug|Any CPU
		{F53A04EA-B256-052A-AEFF-C6999809448B}.Release|Any CPU.ActiveCfg = Release|Any CPU
		{F53A04EA-B256-052A-AEFF-C6999809448B}.Release|Any CPU.Build.0 = Release|Any CPU
		{8324415B-CCA9-51F2-D229-E14D6F8B9BB8}.Debug|Any CPU.ActiveCfg = Debug|Any CPU
		{8324415B-CCA9-51F2-D229-E14D6F8B9BB8}.Debug|Any CPU.Build.0 = Debug|Any CPU
		{8324415B-CCA9-51F2-D229-E14D6F8B9BB8}.Release|Any CPU.ActiveCfg = Release|Any CPU
		{8324415B-CCA9-51F2-D229-E14D6F8B9BB8}.Release|Any CPU.Build.0 = Release|Any CPU
		{6E9E245C-2A0F-95C2-2EDF-E9EEDB5FCA11}.Debug|Any CPU.ActiveCfg = Debug|Any CPU
		{6E9E245C-2A0F-95C2-2EDF-E9EEDB5FCA11}.Debug|Any CPU.Build.0 = Debug|Any CPU
		{6E9E245C-2A0F-95C2-2EDF-E9EEDB5FCA11}.Release|Any CPU.ActiveCfg = Release|Any CPU
		{6E9E245C-2A0F-95C2-2EDF-E9EEDB5FCA11}.Release|Any CPU.Build.0 = Release|Any CPU
		{B1053DB0-8F4F-B282-E9D7-B5E45B638551}.Debug|Any CPU.ActiveCfg = Debug|Any CPU
		{B1053DB0-8F4F-B282-E9D7-B5E45B638551}.Debug|Any CPU.Build.0 = Debug|Any CPU
		{B1053DB0-8F4F-B282-E9D7-B5E45B638551}.Release|Any CPU.ActiveCfg = Release|Any CPU
		{B1053DB0-8F4F-B282-E9D7-B5E45B638551}.Release|Any CPU.Build.0 = Release|Any CPU
		{D34002F7-F244-F52E-2B8D-E568AA568498}.Debug|Any CPU.ActiveCfg = Debug|Any CPU
		{D34002F7-F244-F52E-2B8D-E568AA568498}.Debug|Any CPU.Build.0 = Debug|Any CPU
		{D34002F7-F244-F52E-2B8D-E568AA568498}.Release|Any CPU.ActiveCfg = Release|Any CPU
		{D34002F7-F244-F52E-2B8D-E568AA568498}.Release|Any CPU.Build.0 = Release|Any CPU
		{BB4C5632-5A76-CAAB-105E-53C4F19DF71D}.Debug|Any CPU.ActiveCfg = Debug|Any CPU
		{BB4C5632-5A76-CAAB-105E-53C4F19DF71D}.Debug|Any CPU.Build.0 = Debug|Any CPU
		{BB4C5632-5A76-CAAB-105E-53C4F19DF71D}.Release|Any CPU.ActiveCfg = Release|Any CPU
		{BB4C5632-5A76-CAAB-105E-53C4F19DF71D}.Release|Any CPU.Build.0 = Release|Any CPU
		{6B6EEB08-3450-7733-7A97-388365633093}.Debug|Any CPU.ActiveCfg = Debug|Any CPU
		{6B6EEB08-3450-7733-7A97-388365633093}.Debug|Any CPU.Build.0 = Debug|Any CPU
		{6B6EEB08-3450-7733-7A97-388365633093}.Release|Any CPU.ActiveCfg = Release|Any CPU
		{6B6EEB08-3450-7733-7A97-388365633093}.Release|Any CPU.Build.0 = Release|Any CPU
		{1CD92C0C-99C4-0870-2D61-643435F29FA6}.Debug|Any CPU.ActiveCfg = Debug|Any CPU
		{1CD92C0C-99C4-0870-2D61-643435F29FA6}.Debug|Any CPU.Build.0 = Debug|Any CPU
		{1CD92C0C-99C4-0870-2D61-643435F29FA6}.Release|Any CPU.ActiveCfg = Release|Any CPU
		{1CD92C0C-99C4-0870-2D61-643435F29FA6}.Release|Any CPU.Build.0 = Release|Any CPU
		{75DE5332-0E36-7C27-B49A-33A373B22CC1}.Debug|Any CPU.ActiveCfg = Debug|Any CPU
		{75DE5332-0E36-7C27-B49A-33A373B22CC1}.Debug|Any CPU.Build.0 = Debug|Any CPU
		{75DE5332-0E36-7C27-B49A-33A373B22CC1}.Release|Any CPU.ActiveCfg = Release|Any CPU
		{75DE5332-0E36-7C27-B49A-33A373B22CC1}.Release|Any CPU.Build.0 = Release|Any CPU
		{A324265D-0715-69F0-4B87-ED75EDF1F041}.Debug|Any CPU.ActiveCfg = Debug|Any CPU
		{A324265D-0715-69F0-4B87-ED75EDF1F041}.Debug|Any CPU.Build.0 = Debug|Any CPU
		{A324265D-0715-69F0-4B87-ED75EDF1F041}.Release|Any CPU.ActiveCfg = Release|Any CPU
		{A324265D-0715-69F0-4B87-ED75EDF1F041}.Release|Any CPU.Build.0 = Release|Any CPU
		{8A1380B6-E5A0-BA6F-3976-3282D94C478A}.Debug|Any CPU.ActiveCfg = Debug|Any CPU
		{8A1380B6-E5A0-BA6F-3976-3282D94C478A}.Debug|Any CPU.Build.0 = Debug|Any CPU
		{8A1380B6-E5A0-BA6F-3976-3282D94C478A}.Release|Any CPU.ActiveCfg = Release|Any CPU
		{8A1380B6-E5A0-BA6F-3976-3282D94C478A}.Release|Any CPU.Build.0 = Release|Any CPU
		{5FE797A3-B60F-5820-8C00-E08251CDD819}.Debug|Any CPU.ActiveCfg = Debug|Any CPU
		{5FE797A3-B60F-5820-8C00-E08251CDD819}.Debug|Any CPU.Build.0 = Debug|Any CPU
		{5FE797A3-B60F-5820-8C00-E08251CDD819}.Release|Any CPU.ActiveCfg = Release|Any CPU
		{5FE797A3-B60F-5820-8C00-E08251CDD819}.Release|Any CPU.Build.0 = Release|Any CPU
		{2EB1B382-1593-91BB-8C93-353A9E5C1671}.Debug|Any CPU.ActiveCfg = Debug|Any CPU
		{2EB1B382-1593-91BB-8C93-353A9E5C1671}.Debug|Any CPU.Build.0 = Debug|Any CPU
		{2EB1B382-1593-91BB-8C93-353A9E5C1671}.Release|Any CPU.ActiveCfg = Release|Any CPU
		{2EB1B382-1593-91BB-8C93-353A9E5C1671}.Release|Any CPU.Build.0 = Release|Any CPU
		{69B300B8-0F20-0D08-1BEF-925EB823DF2C}.Debug|Any CPU.ActiveCfg = Debug|Any CPU
		{69B300B8-0F20-0D08-1BEF-925EB823DF2C}.Debug|Any CPU.Build.0 = Debug|Any CPU
		{69B300B8-0F20-0D08-1BEF-925EB823DF2C}.Release|Any CPU.ActiveCfg = Release|Any CPU
		{69B300B8-0F20-0D08-1BEF-925EB823DF2C}.Release|Any CPU.Build.0 = Release|Any CPU
		{A7F5751B-7EDE-12DF-9646-46B2D47B2EEC}.Debug|Any CPU.ActiveCfg = Debug|Any CPU
		{A7F5751B-7EDE-12DF-9646-46B2D47B2EEC}.Debug|Any CPU.Build.0 = Debug|Any CPU
		{A7F5751B-7EDE-12DF-9646-46B2D47B2EEC}.Release|Any CPU.ActiveCfg = Release|Any CPU
		{A7F5751B-7EDE-12DF-9646-46B2D47B2EEC}.Release|Any CPU.Build.0 = Release|Any CPU
		{75EE1F3C-66D1-F057-FCFC-95973997D920}.Debug|Any CPU.ActiveCfg = Debug|Any CPU
		{75EE1F3C-66D1-F057-FCFC-95973997D920}.Debug|Any CPU.Build.0 = Debug|Any CPU
		{75EE1F3C-66D1-F057-FCFC-95973997D920}.Release|Any CPU.ActiveCfg = Release|Any CPU
		{75EE1F3C-66D1-F057-FCFC-95973997D920}.Release|Any CPU.Build.0 = Release|Any CPU
		{4DA76712-FDE6-318E-A9E0-EF63518B8FEE}.Debug|Any CPU.ActiveCfg = Debug|Any CPU
		{4DA76712-FDE6-318E-A9E0-EF63518B8FEE}.Debug|Any CPU.Build.0 = Debug|Any CPU
		{4DA76712-FDE6-318E-A9E0-EF63518B8FEE}.Release|Any CPU.ActiveCfg = Release|Any CPU
		{4DA76712-FDE6-318E-A9E0-EF63518B8FEE}.Release|Any CPU.Build.0 = Release|Any CPU
		{836717A0-6040-9025-127E-EAB68F727B8A}.Debug|Any CPU.ActiveCfg = Debug|Any CPU
		{836717A0-6040-9025-127E-EAB68F727B8A}.Debug|Any CPU.Build.0 = Debug|Any CPU
		{836717A0-6040-9025-127E-EAB68F727B8A}.Release|Any CPU.ActiveCfg = Release|Any CPU
		{836717A0-6040-9025-127E-EAB68F727B8A}.Release|Any CPU.Build.0 = Release|Any CPU
		{3557C683-C5A7-BB71-F8AB-E07408D13ACB}.Debug|Any CPU.ActiveCfg = Debug|Any CPU
		{3557C683-C5A7-BB71-F8AB-E07408D13ACB}.Debug|Any CPU.Build.0 = Debug|Any CPU
		{3557C683-C5A7-BB71-F8AB-E07408D13ACB}.Release|Any CPU.ActiveCfg = Release|Any CPU
		{3557C683-C5A7-BB71-F8AB-E07408D13ACB}.Release|Any CPU.Build.0 = Release|Any CPU
		{14B031AD-8BED-A633-7FD8-77E4F504F802}.Debug|Any CPU.ActiveCfg = Debug|Any CPU
		{14B031AD-8BED-A633-7FD8-77E4F504F802}.Debug|Any CPU.Build.0 = Debug|Any CPU
		{14B031AD-8BED-A633-7FD8-77E4F504F802}.Release|Any CPU.ActiveCfg = Release|Any CPU
		{14B031AD-8BED-A633-7FD8-77E4F504F802}.Release|Any CPU.Build.0 = Release|Any CPU
		{8A2F0566-9B39-37D1-0CDB-75FBF36D6B9C}.Debug|Any CPU.ActiveCfg = Debug|Any CPU
		{8A2F0566-9B39-37D1-0CDB-75FBF36D6B9C}.Debug|Any CPU.Build.0 = Debug|Any CPU
		{8A2F0566-9B39-37D1-0CDB-75FBF36D6B9C}.Release|Any CPU.ActiveCfg = Release|Any CPU
		{8A2F0566-9B39-37D1-0CDB-75FBF36D6B9C}.Release|Any CPU.Build.0 = Release|Any CPU
		{451D459D-3300-E65C-893A-C7A51F63AC80}.Debug|Any CPU.ActiveCfg = Debug|Any CPU
		{451D459D-3300-E65C-893A-C7A51F63AC80}.Debug|Any CPU.Build.0 = Debug|Any CPU
		{451D459D-3300-E65C-893A-C7A51F63AC80}.Release|Any CPU.ActiveCfg = Release|Any CPU
		{451D459D-3300-E65C-893A-C7A51F63AC80}.Release|Any CPU.Build.0 = Release|Any CPU
		{DAB12297-CFA2-55E7-2302-41A19B7524C1}.Debug|Any CPU.ActiveCfg = Debug|Any CPU
		{DAB12297-CFA2-55E7-2302-41A19B7524C1}.Debug|Any CPU.Build.0 = Debug|Any CPU
		{DAB12297-CFA2-55E7-2302-41A19B7524C1}.Release|Any CPU.ActiveCfg = Release|Any CPU
		{DAB12297-CFA2-55E7-2302-41A19B7524C1}.Release|Any CPU.Build.0 = Release|Any CPU
		{14174442-9650-A1AD-7280-225E2A3BB38D}.Debug|Any CPU.ActiveCfg = Debug|Any CPU
		{14174442-9650-A1AD-7280-225E2A3BB38D}.Debug|Any CPU.Build.0 = Debug|Any CPU
		{14174442-9650-A1AD-7280-225E2A3BB38D}.Release|Any CPU.ActiveCfg = Release|Any CPU
		{14174442-9650-A1AD-7280-225E2A3BB38D}.Release|Any CPU.Build.0 = Release|Any CPU
		{769F5165-E491-C3CE-E91D-046C641428AA}.Debug|Any CPU.ActiveCfg = Debug|Any CPU
		{769F5165-E491-C3CE-E91D-046C641428AA}.Debug|Any CPU.Build.0 = Debug|Any CPU
		{769F5165-E491-C3CE-E91D-046C641428AA}.Release|Any CPU.ActiveCfg = Release|Any CPU
		{769F5165-E491-C3CE-E91D-046C641428AA}.Release|Any CPU.Build.0 = Release|Any CPU
		{B63C2A83-76C3-E2F9-EF05-52A74EEC0DE5}.Debug|Any CPU.ActiveCfg = Debug|Any CPU
		{B63C2A83-76C3-E2F9-EF05-52A74EEC0DE5}.Debug|Any CPU.Build.0 = Debug|Any CPU
		{B63C2A83-76C3-E2F9-EF05-52A74EEC0DE5}.Release|Any CPU.ActiveCfg = Release|Any CPU
		{B63C2A83-76C3-E2F9-EF05-52A74EEC0DE5}.Release|Any CPU.Build.0 = Release|Any CPU
		{2D0F0D20-CA53-F9F3-34DC-90706A4B2383}.Debug|Any CPU.ActiveCfg = Debug|Any CPU
		{2D0F0D20-CA53-F9F3-34DC-90706A4B2383}.Debug|Any CPU.Build.0 = Debug|Any CPU
		{2D0F0D20-CA53-F9F3-34DC-90706A4B2383}.Release|Any CPU.ActiveCfg = Release|Any CPU
		{2D0F0D20-CA53-F9F3-34DC-90706A4B2383}.Release|Any CPU.Build.0 = Release|Any CPU
		{91C588CB-60A9-D480-60D6-D4B3462F377F}.Debug|Any CPU.ActiveCfg = Debug|Any CPU
		{91C588CB-60A9-D480-60D6-D4B3462F377F}.Debug|Any CPU.Build.0 = Debug|Any CPU
		{91C588CB-60A9-D480-60D6-D4B3462F377F}.Release|Any CPU.ActiveCfg = Release|Any CPU
		{91C588CB-60A9-D480-60D6-D4B3462F377F}.Release|Any CPU.Build.0 = Release|Any CPU
		{768E39E5-BD82-9578-A24C-BC509EF09928}.Debug|Any CPU.ActiveCfg = Debug|Any CPU
		{768E39E5-BD82-9578-A24C-BC509EF09928}.Debug|Any CPU.Build.0 = Debug|Any CPU
		{768E39E5-BD82-9578-A24C-BC509EF09928}.Release|Any CPU.ActiveCfg = Release|Any CPU
		{768E39E5-BD82-9578-A24C-BC509EF09928}.Release|Any CPU.Build.0 = Release|Any CPU
		{23F5153E-3AD5-3677-F8E9-4552EF6D5176}.Debug|Any CPU.ActiveCfg = Debug|Any CPU
		{23F5153E-3AD5-3677-F8E9-4552EF6D5176}.Debug|Any CPU.Build.0 = Debug|Any CPU
		{23F5153E-3AD5-3677-F8E9-4552EF6D5176}.Release|Any CPU.ActiveCfg = Release|Any CPU
		{23F5153E-3AD5-3677-F8E9-4552EF6D5176}.Release|Any CPU.Build.0 = Release|Any CPU
		{0DE39463-FE77-7273-FD5C-3231E64F4F10}.Debug|Any CPU.ActiveCfg = Debug|Any CPU
		{0DE39463-FE77-7273-FD5C-3231E64F4F10}.Debug|Any CPU.Build.0 = Debug|Any CPU
		{0DE39463-FE77-7273-FD5C-3231E64F4F10}.Release|Any CPU.ActiveCfg = Release|Any CPU
		{0DE39463-FE77-7273-FD5C-3231E64F4F10}.Release|Any CPU.Build.0 = Release|Any CPU
		{2C31DF37-4589-02FD-815C-3BB8C8FD8646}.Debug|Any CPU.ActiveCfg = Debug|Any CPU
		{2C31DF37-4589-02FD-815C-3BB8C8FD8646}.Debug|Any CPU.Build.0 = Debug|Any CPU
		{2C31DF37-4589-02FD-815C-3BB8C8FD8646}.Release|Any CPU.ActiveCfg = Release|Any CPU
		{2C31DF37-4589-02FD-815C-3BB8C8FD8646}.Release|Any CPU.Build.0 = Release|Any CPU
		{3386537A-CB4E-4E63-CA93-89CCA7D8B34F}.Debug|Any CPU.ActiveCfg = Debug|Any CPU
		{3386537A-CB4E-4E63-CA93-89CCA7D8B34F}.Debug|Any CPU.Build.0 = Debug|Any CPU
		{3386537A-CB4E-4E63-CA93-89CCA7D8B34F}.Release|Any CPU.ActiveCfg = Release|Any CPU
		{3386537A-CB4E-4E63-CA93-89CCA7D8B34F}.Release|Any CPU.Build.0 = Release|Any CPU
		{490E320E-4E13-94D1-98A5-1CFB8E7EEBAA}.Debug|Any CPU.ActiveCfg = Debug|Any CPU
		{490E320E-4E13-94D1-98A5-1CFB8E7EEBAA}.Debug|Any CPU.Build.0 = Debug|Any CPU
		{490E320E-4E13-94D1-98A5-1CFB8E7EEBAA}.Release|Any CPU.ActiveCfg = Release|Any CPU
		{490E320E-4E13-94D1-98A5-1CFB8E7EEBAA}.Release|Any CPU.Build.0 = Release|Any CPU
		{BCF0A4A6-0A05-5A52-AFC3-0B61AB109CB4}.Debug|Any CPU.ActiveCfg = Debug|Any CPU
		{BCF0A4A6-0A05-5A52-AFC3-0B61AB109CB4}.Debug|Any CPU.Build.0 = Debug|Any CPU
		{BCF0A4A6-0A05-5A52-AFC3-0B61AB109CB4}.Release|Any CPU.ActiveCfg = Release|Any CPU
		{BCF0A4A6-0A05-5A52-AFC3-0B61AB109CB4}.Release|Any CPU.Build.0 = Release|Any CPU
		{77135132-B0F9-55EC-9202-53D46FA60BE5}.Debug|Any CPU.ActiveCfg = Debug|Any CPU
		{77135132-B0F9-55EC-9202-53D46FA60BE5}.Debug|Any CPU.Build.0 = Debug|Any CPU
		{77135132-B0F9-55EC-9202-53D46FA60BE5}.Release|Any CPU.ActiveCfg = Release|Any CPU
		{77135132-B0F9-55EC-9202-53D46FA60BE5}.Release|Any CPU.Build.0 = Release|Any CPU
		{94303771-41D9-C592-1BB3-7AC7D157E8C7}.Debug|Any CPU.ActiveCfg = Debug|Any CPU
		{94303771-41D9-C592-1BB3-7AC7D157E8C7}.Debug|Any CPU.Build.0 = Debug|Any CPU
		{94303771-41D9-C592-1BB3-7AC7D157E8C7}.Release|Any CPU.ActiveCfg = Release|Any CPU
		{94303771-41D9-C592-1BB3-7AC7D157E8C7}.Release|Any CPU.Build.0 = Release|Any CPU
		{DAD7A4D9-3A3E-9D96-DC21-34C802710CDD}.Debug|Any CPU.ActiveCfg = Debug|Any CPU
		{DAD7A4D9-3A3E-9D96-DC21-34C802710CDD}.Debug|Any CPU.Build.0 = Debug|Any CPU
		{DAD7A4D9-3A3E-9D96-DC21-34C802710CDD}.Release|Any CPU.ActiveCfg = Release|Any CPU
		{DAD7A4D9-3A3E-9D96-DC21-34C802710CDD}.Release|Any CPU.Build.0 = Release|Any CPU
		{20D0F171-DA27-77B6-2172-A6BA6F6D5681}.Debug|Any CPU.ActiveCfg = Debug|Any CPU
		{20D0F171-DA27-77B6-2172-A6BA6F6D5681}.Debug|Any CPU.Build.0 = Debug|Any CPU
		{20D0F171-DA27-77B6-2172-A6BA6F6D5681}.Release|Any CPU.ActiveCfg = Release|Any CPU
		{20D0F171-DA27-77B6-2172-A6BA6F6D5681}.Release|Any CPU.Build.0 = Release|Any CPU
		{C9653371-59B7-887E-EFF1-6C2C04BD8628}.Debug|Any CPU.ActiveCfg = Debug|Any CPU
		{C9653371-59B7-887E-EFF1-6C2C04BD8628}.Debug|Any CPU.Build.0 = Debug|Any CPU
		{C9653371-59B7-887E-EFF1-6C2C04BD8628}.Release|Any CPU.ActiveCfg = Release|Any CPU
		{C9653371-59B7-887E-EFF1-6C2C04BD8628}.Release|Any CPU.Build.0 = Release|Any CPU
		{C0B0E5A6-01DF-6FAF-BDD7-A0F835BCF26F}.Debug|Any CPU.ActiveCfg = Debug|Any CPU
		{C0B0E5A6-01DF-6FAF-BDD7-A0F835BCF26F}.Debug|Any CPU.Build.0 = Debug|Any CPU
		{C0B0E5A6-01DF-6FAF-BDD7-A0F835BCF26F}.Release|Any CPU.ActiveCfg = Release|Any CPU
		{C0B0E5A6-01DF-6FAF-BDD7-A0F835BCF26F}.Release|Any CPU.Build.0 = Release|Any CPU
		{90B51658-48C0-E480-D0DA-F56EF60024DC}.Debug|Any CPU.ActiveCfg = Debug|Any CPU
		{90B51658-48C0-E480-D0DA-F56EF60024DC}.Debug|Any CPU.Build.0 = Debug|Any CPU
		{90B51658-48C0-E480-D0DA-F56EF60024DC}.Release|Any CPU.ActiveCfg = Release|Any CPU
		{90B51658-48C0-E480-D0DA-F56EF60024DC}.Release|Any CPU.Build.0 = Release|Any CPU
		{F6D5059C-C917-7D55-97E6-21FA8AFECA36}.Debug|Any CPU.ActiveCfg = Debug|Any CPU
		{F6D5059C-C917-7D55-97E6-21FA8AFECA36}.Debug|Any CPU.Build.0 = Debug|Any CPU
		{F6D5059C-C917-7D55-97E6-21FA8AFECA36}.Release|Any CPU.ActiveCfg = Release|Any CPU
		{F6D5059C-C917-7D55-97E6-21FA8AFECA36}.Release|Any CPU.Build.0 = Release|Any CPU
		{B1BE99B0-C5AA-3FAB-8EF3-EC8BFE805CD1}.Debug|Any CPU.ActiveCfg = Debug|Any CPU
		{B1BE99B0-C5AA-3FAB-8EF3-EC8BFE805CD1}.Debug|Any CPU.Build.0 = Debug|Any CPU
		{B1BE99B0-C5AA-3FAB-8EF3-EC8BFE805CD1}.Release|Any CPU.ActiveCfg = Release|Any CPU
		{B1BE99B0-C5AA-3FAB-8EF3-EC8BFE805CD1}.Release|Any CPU.Build.0 = Release|Any CPU
		{867D192C-4544-EA1A-703E-40C11FEA7BE1}.Debug|Any CPU.ActiveCfg = Debug|Any CPU
		{867D192C-4544-EA1A-703E-40C11FEA7BE1}.Debug|Any CPU.Build.0 = Debug|Any CPU
		{867D192C-4544-EA1A-703E-40C11FEA7BE1}.Release|Any CPU.ActiveCfg = Release|Any CPU
		{867D192C-4544-EA1A-703E-40C11FEA7BE1}.Release|Any CPU.Build.0 = Release|Any CPU
		{4C7AA993-A633-5301-D1B0-07F12517DF02}.Debug|Any CPU.ActiveCfg = Debug|Any CPU
		{4C7AA993-A633-5301-D1B0-07F12517DF02}.Debug|Any CPU.Build.0 = Debug|Any CPU
		{4C7AA993-A633-5301-D1B0-07F12517DF02}.Release|Any CPU.ActiveCfg = Release|Any CPU
		{4C7AA993-A633-5301-D1B0-07F12517DF02}.Release|Any CPU.Build.0 = Release|Any CPU
	EndGlobalSection
	GlobalSection(SolutionProperties) = preSolution
		HideSolutionNode = FALSE
	EndGlobalSection
	GlobalSection(NestedProjects) = preSolution
		{4C7AA993-A633-5301-D1B0-07F12517DF02} = {E989C032-917F-5728-7FAB-EFBCB8E774E1}
	EndGlobalSection
	GlobalSection(ExtensibilityGlobals) = postSolution
		SolutionGuid = {7DEA13D3-CD64-43D9-BE91-A1589CA9812D}
	EndGlobalSection
EndGlobal
